
Microsoft Visual Studio Solution File, Format Version 12.00
# Visual Studio 15
VisualStudioVersion = 15.0.28307.757
MinimumVisualStudioVersion = 10.0.40219.1
Project("{FAE04EC0-301F-11D3-BF4B-00C04F79EFBC}") = "FirstWordAddIn", "FirstWordAddIn\FirstWordAddIn.csproj", "{9E96C2B7-18DE-4187-84ED-D68FA13C0748}"
EndProject
Project("{FAE04EC0-301F-11D3-BF4B-00C04F79EFBC}") = "WordDynamicControls", "WordDynamicControls\WordDynamicControls.csproj", "{F595FB46-1FFD-4AB6-B303-A67E37715D70}"
EndProject
Project("{FAE04EC0-301F-11D3-BF4B-00C04F79EFBC}") = "WordDocument1", "WordDocument1\WordDocument1.csproj", "{72A3308F-A0CA-4D86-831A-C9996A85AAB2}"
EndProject
Project("{FAE04EC0-301F-11D3-BF4B-00C04F79EFBC}") = "PowerPointFirst", "PowerPointFirst\PowerPointFirst.csproj", "{586EA968-F773-4D69-8200-EFF31752D1FA}"
EndProject
Project("{FAE04EC0-301F-11D3-BF4B-00C04F79EFBC}") = "ExcelSyncTaskPanelWithRibbon", "ExcelSyncTaskPanelWithRibbon\ExcelSyncTaskPanelWithRibbon.csproj", "{53EEDA99-6AA3-4461-AE3B-F63800D4D62B}"
EndProject
Global
	GlobalSection(SolutionConfigurationPlatforms) = preSolution
		Debug|Any CPU = Debug|Any CPU
		Release|Any CPU = Release|Any CPU
	EndGlobalSection
	GlobalSection(ProjectConfigurationPlatforms) = postSolution
		{9E96C2B7-18DE-4187-84ED-D68FA13C0748}.Debug|Any CPU.ActiveCfg = Debug|Any CPU
		{9E96C2B7-18DE-4187-84ED-D68FA13C0748}.Debug|Any CPU.Build.0 = Debug|Any CPU
		{9E96C2B7-18DE-4187-84ED-D68FA13C0748}.Release|Any CPU.ActiveCfg = Release|Any CPU
		{9E96C2B7-18DE-4187-84ED-D68FA13C0748}.Release|Any CPU.Build.0 = Release|Any CPU
		{F595FB46-1FFD-4AB6-B303-A67E37715D70}.Debug|Any CPU.ActiveCfg = Debug|Any CPU
		{F595FB46-1FFD-4AB6-B303-A67E37715D70}.Debug|Any CPU.Build.0 = Debug|Any CPU
		{F595FB46-1FFD-4AB6-B303-A67E37715D70}.Release|Any CPU.ActiveCfg = Release|Any CPU
		{F595FB46-1FFD-4AB6-B303-A67E37715D70}.Release|Any CPU.Build.0 = Release|Any CPU
		{72A3308F-A0CA-4D86-831A-C9996A85AAB2}.Debug|Any CPU.ActiveCfg = Debug|Any CPU
		{72A3308F-A0CA-4D86-831A-C9996A85AAB2}.Debug|Any CPU.Build.0 = Debug|Any CPU
		{72A3308F-A0CA-4D86-831A-C9996A85AAB2}.Release|Any CPU.ActiveCfg = Release|Any CPU
		{72A3308F-A0CA-4D86-831A-C9996A85AAB2}.Release|Any CPU.Build.0 = Release|Any CPU
		{586EA968-F773-4D69-8200-EFF31752D1FA}.Debug|Any CPU.ActiveCfg = Debug|Any CPU
		{586EA968-F773-4D69-8200-EFF31752D1FA}.Debug|Any CPU.Build.0 = Debug|Any CPU
		{586EA968-F773-4D69-8200-EFF31752D1FA}.Release|Any CPU.ActiveCfg = Release|Any CPU
		{586EA968-F773-4D69-8200-EFF31752D1FA}.Release|Any CPU.Build.0 = Release|Any CPU
		{53EEDA99-6AA3-4461-AE3B-F63800D4D62B}.Debug|Any CPU.ActiveCfg = Debug|Any CPU
		{53EEDA99-6AA3-4461-AE3B-F63800D4D62B}.Debug|Any CPU.Build.0 = Debug|Any CPU
		{53EEDA99-6AA3-4461-AE3B-F63800D4D62B}.Release|Any CPU.ActiveCfg = Release|Any CPU
		{53EEDA99-6AA3-4461-AE3B-F63800D4D62B}.Release|Any CPU.Build.0 = Release|Any CPU
	EndGlobalSection
	GlobalSection(SolutionProperties) = preSolution
		HideSolutionNode = FALSE
	EndGlobalSection
	GlobalSection(ExtensibilityGlobals) = postSolution
		SolutionGuid = {27F647E2-52E4-41E3-A639-E144B09CDA72}
	EndGlobalSection
EndGlobal
