
Microsoft Visual Studio Solution File, Format Version 12.00
# Visual Studio Version 16
VisualStudioVersion = 16.0.29102.190
MinimumVisualStudioVersion = 10.0.40219.1
Project("{FAE04EC0-301F-11D3-BF4B-00C04F79EFBC}") = "AngularFirst", "AngularFirst\AngularFirst.csproj", "{98C1DB48-92C0-4A15-99BB-093245BBD642}"
EndProject
Global
	GlobalSection(SolutionConfigurationPlatforms) = preSolution
		Debug|Any CPU = Debug|Any CPU
		Release|Any CPU = Release|Any CPU
	EndGlobalSection
	GlobalSection(ProjectConfigurationPlatforms) = postSolution
		{98C1DB48-92C0-4A15-99BB-093245BBD642}.Debug|Any CPU.ActiveCfg = Debug|Any CPU
		{98C1DB48-92C0-4A15-99BB-093245BBD642}.Debug|Any CPU.Build.0 = Debug|Any CPU
		{98C1DB48-92C0-4A15-99BB-093245BBD642}.Release|Any CPU.ActiveCfg = Release|Any CPU
		{98C1DB48-92C0-4A15-99BB-093245BBD642}.Release|Any CPU.Build.0 = Release|Any CPU
	EndGlobalSection
	GlobalSection(SolutionProperties) = preSolution
		HideSolutionNode = FALSE
	EndGlobalSection
	GlobalSection(ExtensibilityGlobals) = postSolution
		SolutionGuid = {ED36BB13-7ACD-47C3-8EA4-B6EDF1970A22}
	EndGlobalSection
EndGlobal
